// !$*UTF8*$!
{
	archiveVersion = 1;
	classes = {
	};
	objectVersion = 48;
	objects = {

/* Begin PBXBuildFile section */
		8E4BC8A280AA0FDF1E76FF00 /* libPods-yyyyy.a in Frameworks */ = {isa = PBXBuildFile; fileRef = 9DAF218EBA8C72D80E305612 /* libPods-yyyyy.a */; };
		BD217C8F1F9993D900DB879F /* AppDelegate.m in Sources */ = {isa = PBXBuildFile; fileRef = BD217C8E1F9993D900DB879F /* AppDelegate.m */; };
		BD217C921F9993D900DB879F /* ViewController.m in Sources */ = {isa = PBXBuildFile; fileRef = BD217C911F9993D900DB879F /* ViewController.m */; };
		BD217C951F9993D900DB879F /* Main.storyboard in Resources */ = {isa = PBXBuildFile; fileRef = BD217C931F9993D900DB879F /* Main.storyboard */; };
		BD217C971F9993D900DB879F /* Assets.xcassets in Resources */ = {isa = PBXBuildFile; fileRef = BD217C961F9993D900DB879F /* Assets.xcassets */; };
		BD217C9A1F9993D900DB879F /* LaunchScreen.storyboard in Resources */ = {isa = PBXBuildFile; fileRef = BD217C981F9993D900DB879F /* LaunchScreen.storyboard */; };
		BD217C9D1F9993D900DB879F /* main.m in Sources */ = {isa = PBXBuildFile; fileRef = BD217C9C1F9993D900DB879F /* main.m */; };
		BD217CA71F9993D900DB879F /* yyyyyTests.m in Sources */ = {isa = PBXBuildFile; fileRef = BD217CA61F9993D900DB879F /* yyyyyTests.m */; };
		BD217CB21F9993D900DB879F /* yyyyyUITests.m in Sources */ = {isa = PBXBuildFile; fileRef = BD217CB11F9993D900DB879F /* yyyyyUITests.m */; };
		BD3B3B4E1FA9A1660087F675 /* CustomView.m in Sources */ = {isa = PBXBuildFile; fileRef = BD3B3B4D1FA9A1660087F675 /* CustomView.m */; };
		BD3B3B501FA9A18A0087F675 /* CustomView.xib in Resources */ = {isa = PBXBuildFile; fileRef = BD3B3B4F1FA9A18A0087F675 /* CustomView.xib */; };
		BD48333521C0E5140014C801 /* BaseNavigationController.m in Sources */ = {isa = PBXBuildFile; fileRef = BD48333421C0E5140014C801 /* BaseNavigationController.m */; };
		BD4B5FDD1FC55C5D008F8C6F /* MyLineView.m in Sources */ = {isa = PBXBuildFile; fileRef = BD4B5FDC1FC55C5D008F8C6F /* MyLineView.m */; };
		BD4D41841FC3BD5400337B16 /* PersonModel.m in Sources */ = {isa = PBXBuildFile; fileRef = BD4D41831FC3BD5400337B16 /* PersonModel.m */; };
		BD4D41871FC3BDAB00337B16 /* PetModel.m in Sources */ = {isa = PBXBuildFile; fileRef = BD4D41861FC3BDAB00337B16 /* PetModel.m */; };
		BD58DCC01FE24CB900872B87 /* SingleObject.m in Sources */ = {isa = PBXBuildFile; fileRef = BD58DCBF1FE24CB900872B87 /* SingleObject.m */; };
		BD58DCC31FE276D000872B87 /* CopyModel.m in Sources */ = {isa = PBXBuildFile; fileRef = BD58DCC21FE276D000872B87 /* CopyModel.m */; };
		BD685CC41F9AE51500E5314E /* DataManager.m in Sources */ = {isa = PBXBuildFile; fileRef = BD685CC31F9AE51500E5314E /* DataManager.m */; };
		BD7C483D1FD1599200AC0DCB /* View1.m in Sources */ = {isa = PBXBuildFile; fileRef = BD7C483C1FD1599200AC0DCB /* View1.m */; };
		BDEFE0D51FC2C2D00019C071 /* BaseViewController.m in Sources */ = {isa = PBXBuildFile; fileRef = BDEFE0D31FC2C2D00019C071 /* BaseViewController.m */; };
		BDEFE0D61FC2C2D00019C071 /* BaseViewController.xib in Resources */ = {isa = PBXBuildFile; fileRef = BDEFE0D41FC2C2D00019C071 /* BaseViewController.xib */; };
/* End PBXBuildFile section */

/* Begin PBXContainerItemProxy section */
		BD217CA31F9993D900DB879F /* PBXContainerItemProxy */ = {
			isa = PBXContainerItemProxy;
			containerPortal = BD217C821F9993D900DB879F /* Project object */;
			proxyType = 1;
			remoteGlobalIDString = BD217C891F9993D900DB879F;
			remoteInfo = yyyyy;
		};
		BD217CAE1F9993D900DB879F /* PBXContainerItemProxy */ = {
			isa = PBXContainerItemProxy;
			containerPortal = BD217C821F9993D900DB879F /* Project object */;
			proxyType = 1;
			remoteGlobalIDString = BD217C891F9993D900DB879F;
			remoteInfo = yyyyy;
		};
/* End PBXContainerItemProxy section */

/* Begin PBXFileReference section */
		5E1533B32A00CB6D49F6FA45 /* Pods-yyyyy.debug.xcconfig */ = {isa = PBXFileReference; includeInIndex = 1; lastKnownFileType = text.xcconfig; name = "Pods-yyyyy.debug.xcconfig"; path = "Pods/Target Support Files/Pods-yyyyy/Pods-yyyyy.debug.xcconfig"; sourceTree = "<group>"; };
		94160EE62678CA9AA94AC547 /* Pods-yyyyy.release.xcconfig */ = {isa = PBXFileReference; includeInIndex = 1; lastKnownFileType = text.xcconfig; name = "Pods-yyyyy.release.xcconfig"; path = "Pods/Target Support Files/Pods-yyyyy/Pods-yyyyy.release.xcconfig"; sourceTree = "<group>"; };
		9DAF218EBA8C72D80E305612 /* libPods-yyyyy.a */ = {isa = PBXFileReference; explicitFileType = archive.ar; includeInIndex = 0; path = "libPods-yyyyy.a"; sourceTree = BUILT_PRODUCTS_DIR; };
		BD217C8A1F9993D900DB879F /* yyyyy.app */ = {isa = PBXFileReference; explicitFileType = wrapper.application; includeInIndex = 0; path = yyyyy.app; sourceTree = BUILT_PRODUCTS_DIR; };
		BD217C8D1F9993D900DB879F /* AppDelegate.h */ = {isa = PBXFileReference; lastKnownFileType = sourcecode.c.h; path = AppDelegate.h; sourceTree = "<group>"; };
		BD217C8E1F9993D900DB879F /* AppDelegate.m */ = {isa = PBXFileReference; lastKnownFileType = sourcecode.c.objc; path = AppDelegate.m; sourceTree = "<group>"; };
		BD217C901F9993D900DB879F /* ViewController.h */ = {isa = PBXFileReference; lastKnownFileType = sourcecode.c.h; path = ViewController.h; sourceTree = "<group>"; };
		BD217C911F9993D900DB879F /* ViewController.m */ = {isa = PBXFileReference; lastKnownFileType = sourcecode.c.objc; path = ViewController.m; sourceTree = "<group>"; };
		BD217C941F9993D900DB879F /* Base */ = {isa = PBXFileReference; lastKnownFileType = file.storyboard; name = Base; path = Base.lproj/Main.storyboard; sourceTree = "<group>"; };
		BD217C961F9993D900DB879F /* Assets.xcassets */ = {isa = PBXFileReference; lastKnownFileType = folder.assetcatalog; path = Assets.xcassets; sourceTree = "<group>"; };
		BD217C991F9993D900DB879F /* Base */ = {isa = PBXFileReference; lastKnownFileType = file.storyboard; name = Base; path = Base.lproj/LaunchScreen.storyboard; sourceTree = "<group>"; };
		BD217C9B1F9993D900DB879F /* Info.plist */ = {isa = PBXFileReference; lastKnownFileType = text.plist.xml; path = Info.plist; sourceTree = "<group>"; };
		BD217C9C1F9993D900DB879F /* main.m */ = {isa = PBXFileReference; lastKnownFileType = sourcecode.c.objc; path = main.m; sourceTree = "<group>"; };
		BD217CA21F9993D900DB879F /* yyyyyTests.xctest */ = {isa = PBXFileReference; explicitFileType = wrapper.cfbundle; includeInIndex = 0; path = yyyyyTests.xctest; sourceTree = BUILT_PRODUCTS_DIR; };
		BD217CA61F9993D900DB879F /* yyyyyTests.m */ = {isa = PBXFileReference; lastKnownFileType = sourcecode.c.objc; path = yyyyyTests.m; sourceTree = "<group>"; };
		BD217CA81F9993D900DB879F /* Info.plist */ = {isa = PBXFileReference; lastKnownFileType = text.plist.xml; path = Info.plist; sourceTree = "<group>"; };
		BD217CAD1F9993D900DB879F /* yyyyyUITests.xctest */ = {isa = PBXFileReference; explicitFileType = wrapper.cfbundle; includeInIndex = 0; path = yyyyyUITests.xctest; sourceTree = BUILT_PRODUCTS_DIR; };
		BD217CB11F9993D900DB879F /* yyyyyUITests.m */ = {isa = PBXFileReference; lastKnownFileType = sourcecode.c.objc; path = yyyyyUITests.m; sourceTree = "<group>"; };
		BD217CB31F9993D900DB879F /* Info.plist */ = {isa = PBXFileReference; lastKnownFileType = text.plist.xml; path = Info.plist; sourceTree = "<group>"; };
		BD3B3B4C1FA9A1660087F675 /* CustomView.h */ = {isa = PBXFileReference; lastKnownFileType = sourcecode.c.h; path = CustomView.h; sourceTree = "<group>"; };
		BD3B3B4D1FA9A1660087F675 /* CustomView.m */ = {isa = PBXFileReference; lastKnownFileType = sourcecode.c.objc; path = CustomView.m; sourceTree = "<group>"; };
		BD3B3B4F1FA9A18A0087F675 /* CustomView.xib */ = {isa = PBXFileReference; lastKnownFileType = file.xib; path = CustomView.xib; sourceTree = "<group>"; };
		BD48333321C0E5140014C801 /* BaseNavigationController.h */ = {isa = PBXFileReference; fileEncoding = 4; lastKnownFileType = sourcecode.c.h; path = BaseNavigationController.h; sourceTree = "<group>"; };
		BD48333421C0E5140014C801 /* BaseNavigationController.m */ = {isa = PBXFileReference; fileEncoding = 4; lastKnownFileType = sourcecode.c.objc; path = BaseNavigationController.m; sourceTree = "<group>"; };
		BD4B5FDB1FC55C5D008F8C6F /* MyLineView.h */ = {isa = PBXFileReference; lastKnownFileType = sourcecode.c.h; path = MyLineView.h; sourceTree = "<group>"; };
		BD4B5FDC1FC55C5D008F8C6F /* MyLineView.m */ = {isa = PBXFileReference; lastKnownFileType = sourcecode.c.objc; path = MyLineView.m; sourceTree = "<group>"; };
		BD4D41821FC3BD5400337B16 /* PersonModel.h */ = {isa = PBXFileReference; lastKnownFileType = sourcecode.c.h; path = PersonModel.h; sourceTree = "<group>"; };
		BD4D41831FC3BD5400337B16 /* PersonModel.m */ = {isa = PBXFileReference; lastKnownFileType = sourcecode.c.objc; path = PersonModel.m; sourceTree = "<group>"; };
		BD4D41851FC3BDAB00337B16 /* PetModel.h */ = {isa = PBXFileReference; lastKnownFileType = sourcecode.c.h; path = PetModel.h; sourceTree = "<group>"; };
		BD4D41861FC3BDAB00337B16 /* PetModel.m */ = {isa = PBXFileReference; lastKnownFileType = sourcecode.c.objc; path = PetModel.m; sourceTree = "<group>"; };
		BD58DCBE1FE24CB900872B87 /* SingleObject.h */ = {isa = PBXFileReference; lastKnownFileType = sourcecode.c.h; path = SingleObject.h; sourceTree = "<group>"; };
		BD58DCBF1FE24CB900872B87 /* SingleObject.m */ = {isa = PBXFileReference; lastKnownFileType = sourcecode.c.objc; path = SingleObject.m; sourceTree = "<group>"; };
		BD58DCC11FE276D000872B87 /* CopyModel.h */ = {isa = PBXFileReference; lastKnownFileType = sourcecode.c.h; path = CopyModel.h; sourceTree = "<group>"; };
		BD58DCC21FE276D000872B87 /* CopyModel.m */ = {isa = PBXFileReference; lastKnownFileType = sourcecode.c.objc; path = CopyModel.m; sourceTree = "<group>"; };
		BD685CC21F9AE51500E5314E /* DataManager.h */ = {isa = PBXFileReference; lastKnownFileType = sourcecode.c.h; path = DataManager.h; sourceTree = "<group>"; };
		BD685CC31F9AE51500E5314E /* DataManager.m */ = {isa = PBXFileReference; lastKnownFileType = sourcecode.c.objc; path = DataManager.m; sourceTree = "<group>"; };
		BD7C483B1FD1599200AC0DCB /* View1.h */ = {isa = PBXFileReference; lastKnownFileType = sourcecode.c.h; path = View1.h; sourceTree = "<group>"; };
		BD7C483C1FD1599200AC0DCB /* View1.m */ = {isa = PBXFileReference; lastKnownFileType = sourcecode.c.objc; path = View1.m; sourceTree = "<group>"; };
		BDEFE0D21FC2C2D00019C071 /* BaseViewController.h */ = {isa = PBXFileReference; lastKnownFileType = sourcecode.c.h; path = BaseViewController.h; sourceTree = "<group>"; };
		BDEFE0D31FC2C2D00019C071 /* BaseViewController.m */ = {isa = PBXFileReference; lastKnownFileType = sourcecode.c.objc; path = BaseViewController.m; sourceTree = "<group>"; };
		BDEFE0D41FC2C2D00019C071 /* BaseViewController.xib */ = {isa = PBXFileReference; lastKnownFileType = file.xib; path = BaseViewController.xib; sourceTree = "<group>"; };
/* End PBXFileReference section */

/* Begin PBXFrameworksBuildPhase section */
		BD217C871F9993D900DB879F /* Frameworks */ = {
			isa = PBXFrameworksBuildPhase;
			buildActionMask = 2147483647;
			files = (
				8E4BC8A280AA0FDF1E76FF00 /* libPods-yyyyy.a in Frameworks */,
			);
			runOnlyForDeploymentPostprocessing = 0;
		};
		BD217C9F1F9993D900DB879F /* Frameworks */ = {
			isa = PBXFrameworksBuildPhase;
			buildActionMask = 2147483647;
			files = (
			);
			runOnlyForDeploymentPostprocessing = 0;
		};
		BD217CAA1F9993D900DB879F /* Frameworks */ = {
			isa = PBXFrameworksBuildPhase;
			buildActionMask = 2147483647;
			files = (
			);
			runOnlyForDeploymentPostprocessing = 0;
		};
/* End PBXFrameworksBuildPhase section */

/* Begin PBXGroup section */
		167935603E9BBCE7735D5971 /* Pods */ = {
			isa = PBXGroup;
			children = (
				5E1533B32A00CB6D49F6FA45 /* Pods-yyyyy.debug.xcconfig */,
				94160EE62678CA9AA94AC547 /* Pods-yyyyy.release.xcconfig */,
			);
			name = Pods;
			sourceTree = "<group>";
		};
		2799BE59ABF0A023051F430B /* Frameworks */ = {
			isa = PBXGroup;
			children = (
				9DAF218EBA8C72D80E305612 /* libPods-yyyyy.a */,
			);
			name = Frameworks;
			sourceTree = "<group>";
		};
		BD217C811F9993D900DB879F = {
			isa = PBXGroup;
			children = (
				BD217C8C1F9993D900DB879F /* yyyyy */,
				BD217CA51F9993D900DB879F /* yyyyyTests */,
				BD217CB01F9993D900DB879F /* yyyyyUITests */,
				BD217C8B1F9993D900DB879F /* Products */,
				167935603E9BBCE7735D5971 /* Pods */,
				2799BE59ABF0A023051F430B /* Frameworks */,
			);
			sourceTree = "<group>";
		};
		BD217C8B1F9993D900DB879F /* Products */ = {
			isa = PBXGroup;
			children = (
				BD217C8A1F9993D900DB879F /* yyyyy.app */,
				BD217CA21F9993D900DB879F /* yyyyyTests.xctest */,
				BD217CAD1F9993D900DB879F /* yyyyyUITests.xctest */,
			);
			name = Products;
			sourceTree = "<group>";
		};
		BD217C8C1F9993D900DB879F /* yyyyy */ = {
			isa = PBXGroup;
			children = (
				BD4B5FD71FC51978008F8C6F /* View */,
				BD4D41811FC3BD2B00337B16 /* Model */,
				BD217C8D1F9993D900DB879F /* AppDelegate.h */,
				BD217C8E1F9993D900DB879F /* AppDelegate.m */,
				BD217C901F9993D900DB879F /* ViewController.h */,
				BD217C911F9993D900DB879F /* ViewController.m */,
				BD48333321C0E5140014C801 /* BaseNavigationController.h */,
				BD48333421C0E5140014C801 /* BaseNavigationController.m */,
				BDEFE0D21FC2C2D00019C071 /* BaseViewController.h */,
				BDEFE0D31FC2C2D00019C071 /* BaseViewController.m */,
				BDEFE0D41FC2C2D00019C071 /* BaseViewController.xib */,
				BD685CC21F9AE51500E5314E /* DataManager.h */,
				BD685CC31F9AE51500E5314E /* DataManager.m */,
				BD3B3B4C1FA9A1660087F675 /* CustomView.h */,
				BD3B3B4D1FA9A1660087F675 /* CustomView.m */,
				BD3B3B4F1FA9A18A0087F675 /* CustomView.xib */,
				BD217C931F9993D900DB879F /* Main.storyboard */,
				BD217C961F9993D900DB879F /* Assets.xcassets */,
				BD217C981F9993D900DB879F /* LaunchScreen.storyboard */,
				BD217C9B1F9993D900DB879F /* Info.plist */,
				BD217C9C1F9993D900DB879F /* main.m */,
			);
			path = yyyyy;
			sourceTree = "<group>";
		};
		BD217CA51F9993D900DB879F /* yyyyyTests */ = {
			isa = PBXGroup;
			children = (
				BD217CA61F9993D900DB879F /* yyyyyTests.m */,
				BD217CA81F9993D900DB879F /* Info.plist */,
			);
			path = yyyyyTests;
			sourceTree = "<group>";
		};
		BD217CB01F9993D900DB879F /* yyyyyUITests */ = {
			isa = PBXGroup;
			children = (
				BD217CB11F9993D900DB879F /* yyyyyUITests.m */,
				BD217CB31F9993D900DB879F /* Info.plist */,
			);
			path = yyyyyUITests;
			sourceTree = "<group>";
		};
		BD4B5FD71FC51978008F8C6F /* View */ = {
			isa = PBXGroup;
			children = (
				BD4B5FDB1FC55C5D008F8C6F /* MyLineView.h */,
				BD4B5FDC1FC55C5D008F8C6F /* MyLineView.m */,
				BD7C483B1FD1599200AC0DCB /* View1.h */,
				BD7C483C1FD1599200AC0DCB /* View1.m */,
				BD58DCBE1FE24CB900872B87 /* SingleObject.h */,
				BD58DCBF1FE24CB900872B87 /* SingleObject.m */,
			);
			path = View;
			sourceTree = "<group>";
		};
		BD4D41811FC3BD2B00337B16 /* Model */ = {
			isa = PBXGroup;
			children = (
				BD4D41821FC3BD5400337B16 /* PersonModel.h */,
				BD4D41831FC3BD5400337B16 /* PersonModel.m */,
				BD4D41851FC3BDAB00337B16 /* PetModel.h */,
				BD4D41861FC3BDAB00337B16 /* PetModel.m */,
				BD58DCC11FE276D000872B87 /* CopyModel.h */,
				BD58DCC21FE276D000872B87 /* CopyModel.m */,
			);
			path = Model;
			sourceTree = "<group>";
		};
/* End PBXGroup section */

/* Begin PBXNativeTarget section */
		BD217C891F9993D900DB879F /* yyyyy */ = {
			isa = PBXNativeTarget;
			buildConfigurationList = BD217CB61F9993D900DB879F /* Build configuration list for PBXNativeTarget "yyyyy" */;
			buildPhases = (
				16E38EE6D2D9678174FEA587 /* [CP] Check Pods Manifest.lock */,
				BD217C861F9993D900DB879F /* Sources */,
				BD217C871F9993D900DB879F /* Frameworks */,
				BD217C881F9993D900DB879F /* Resources */,
				C273476532D259F1D9336C01 /* [CP] Copy Pods Resources */,
			);
			buildRules = (
			);
			dependencies = (
			);
			name = yyyyy;
			productName = yyyyy;
			productReference = BD217C8A1F9993D900DB879F /* yyyyy.app */;
			productType = "com.apple.product-type.application";
		};
		BD217CA11F9993D900DB879F /* yyyyyTests */ = {
			isa = PBXNativeTarget;
			buildConfigurationList = BD217CB91F9993D900DB879F /* Build configuration list for PBXNativeTarget "yyyyyTests" */;
			buildPhases = (
				BD217C9E1F9993D900DB879F /* Sources */,
				BD217C9F1F9993D900DB879F /* Frameworks */,
				BD217CA01F9993D900DB879F /* Resources */,
			);
			buildRules = (
			);
			dependencies = (
				BD217CA41F9993D900DB879F /* PBXTargetDependency */,
			);
			name = yyyyyTests;
			productName = yyyyyTests;
			productReference = BD217CA21F9993D900DB879F /* yyyyyTests.xctest */;
			productType = "com.apple.product-type.bundle.unit-test";
		};
		BD217CAC1F9993D900DB879F /* yyyyyUITests */ = {
			isa = PBXNativeTarget;
			buildConfigurationList = BD217CBC1F9993D900DB879F /* Build configuration list for PBXNativeTarget "yyyyyUITests" */;
			buildPhases = (
				BD217CA91F9993D900DB879F /* Sources */,
				BD217CAA1F9993D900DB879F /* Frameworks */,
				BD217CAB1F9993D900DB879F /* Resources */,
			);
			buildRules = (
			);
			dependencies = (
				BD217CAF1F9993D900DB879F /* PBXTargetDependency */,
			);
			name = yyyyyUITests;
			productName = yyyyyUITests;
			productReference = BD217CAD1F9993D900DB879F /* yyyyyUITests.xctest */;
			productType = "com.apple.product-type.bundle.ui-testing";
		};
/* End PBXNativeTarget section */

/* Begin PBXProject section */
		BD217C821F9993D900DB879F /* Project object */ = {
			isa = PBXProject;
			attributes = {
				LastUpgradeCheck = 0900;
				ORGANIZATIONNAME = User;
				TargetAttributes = {
					BD217C891F9993D900DB879F = {
						CreatedOnToolsVersion = 9.0;
						ProvisioningStyle = Automatic;
					};
					BD217CA11F9993D900DB879F = {
						CreatedOnToolsVersion = 9.0;
						ProvisioningStyle = Automatic;
						TestTargetID = BD217C891F9993D900DB879F;
					};
					BD217CAC1F9993D900DB879F = {
						CreatedOnToolsVersion = 9.0;
						ProvisioningStyle = Automatic;
						TestTargetID = BD217C891F9993D900DB879F;
					};
				};
			};
			buildConfigurationList = BD217C851F9993D900DB879F /* Build configuration list for PBXProject "yyyyy" */;
			compatibilityVersion = "Xcode 8.0";
			developmentRegion = en;
			hasScannedForEncodings = 0;
			knownRegions = (
				en,
				Base,
			);
			mainGroup = BD217C811F9993D900DB879F;
			productRefGroup = BD217C8B1F9993D900DB879F /* Products */;
			projectDirPath = "";
			projectRoot = "";
			targets = (
				BD217C891F9993D900DB879F /* yyyyy */,
				BD217CA11F9993D900DB879F /* yyyyyTests */,
				BD217CAC1F9993D900DB879F /* yyyyyUITests */,
			);
		};
/* End PBXProject section */

/* Begin PBXResourcesBuildPhase section */
		BD217C881F9993D900DB879F /* Resources */ = {
			isa = PBXResourcesBuildPhase;
			buildActionMask = 2147483647;
			files = (
				BD217C9A1F9993D900DB879F /* LaunchScreen.storyboard in Resources */,
				BDEFE0D61FC2C2D00019C071 /* BaseViewController.xib in Resources */,
				BD3B3B501FA9A18A0087F675 /* CustomView.xib in Resources */,
				BD217C971F9993D900DB879F /* Assets.xcassets in Resources */,
				BD217C951F9993D900DB879F /* Main.storyboard in Resources */,
			);
			runOnlyForDeploymentPostprocessing = 0;
		};
		BD217CA01F9993D900DB879F /* Resources */ = {
			isa = PBXResourcesBuildPhase;
			buildActionMask = 2147483647;
			files = (
			);
			runOnlyForDeploymentPostprocessing = 0;
		};
		BD217CAB1F9993D900DB879F /* Resources */ = {
			isa = PBXResourcesBuildPhase;
			buildActionMask = 2147483647;
			files = (
			);
			runOnlyForDeploymentPostprocessing = 0;
		};
/* End PBXResourcesBuildPhase section */

/* Begin PBXShellScriptBuildPhase section */
		16E38EE6D2D9678174FEA587 /* [CP] Check Pods Manifest.lock */ = {
			isa = PBXShellScriptBuildPhase;
			buildActionMask = 2147483647;
			files = (
			);
			inputPaths = (
				"${PODS_PODFILE_DIR_PATH}/Podfile.lock",
				"${PODS_ROOT}/Manifest.lock",
			);
			name = "[CP] Check Pods Manifest.lock";
			outputPaths = (
				"$(DERIVED_FILE_DIR)/Pods-yyyyy-checkManifestLockResult.txt",
			);
			runOnlyForDeploymentPostprocessing = 0;
			shellPath = /bin/sh;
			shellScript = "diff \"${PODS_PODFILE_DIR_PATH}/Podfile.lock\" \"${PODS_ROOT}/Manifest.lock\" > /dev/null\nif [ $? != 0 ] ; then\n    # print error to STDERR\n    echo \"error: The sandbox is not in sync with the Podfile.lock. Run 'pod install' or update your CocoaPods installation.\" >&2\n    exit 1\nfi\n# This output is used by Xcode 'outputs' to avoid re-running this script phase.\necho \"SUCCESS\" > \"${SCRIPT_OUTPUT_FILE_0}\"\n";
			showEnvVarsInLog = 0;
		};
		C273476532D259F1D9336C01 /* [CP] Copy Pods Resources */ = {
			isa = PBXShellScriptBuildPhase;
			buildActionMask = 2147483647;
			files = (
			);
			inputPaths = (
				"${SRCROOT}/Pods/Target Support Files/Pods-yyyyy/Pods-yyyyy-resources.sh",
				"${PODS_ROOT}/SVProgressHUD/SVProgressHUD/SVProgressHUD.bundle",
			);
			name = "[CP] Copy Pods Resources";
			outputPaths = (
				"${TARGET_BUILD_DIR}/${UNLOCALIZED_RESOURCES_FOLDER_PATH}/SVProgressHUD.bundle",
			);
			runOnlyForDeploymentPostprocessing = 0;
			shellPath = /bin/sh;
			shellScript = "\"${SRCROOT}/Pods/Target Support Files/Pods-yyyyy/Pods-yyyyy-resources.sh\"\n";
			showEnvVarsInLog = 0;
		};
/* End PBXShellScriptBuildPhase section */

/* Begin PBXSourcesBuildPhase section */
		BD217C861F9993D900DB879F /* Sources */ = {
			isa = PBXSourcesBuildPhase;
			buildActionMask = 2147483647;
			files = (
				BD3B3B4E1FA9A1660087F675 /* CustomView.m in Sources */,
				BDEFE0D51FC2C2D00019C071 /* BaseViewController.m in Sources */,
				BD4B5FDD1FC55C5D008F8C6F /* MyLineView.m in Sources */,
				BD217C921F9993D900DB879F /* ViewController.m in Sources */,
				BD58DCC01FE24CB900872B87 /* SingleObject.m in Sources */,
				BD685CC41F9AE51500E5314E /* DataManager.m in Sources */,
				BD48333521C0E5140014C801 /* BaseNavigationController.m in Sources */,
				BD58DCC31FE276D000872B87 /* CopyModel.m in Sources */,
				BD217C9D1F9993D900DB879F /* main.m in Sources */,
				BD7C483D1FD1599200AC0DCB /* View1.m in Sources */,
				BD217C8F1F9993D900DB879F /* AppDelegate.m in Sources */,
				BD4D41841FC3BD5400337B16 /* PersonModel.m in Sources */,
				BD4D41871FC3BDAB00337B16 /* PetModel.m in Sources */,
			);
			runOnlyForDeploymentPostprocessing = 0;
		};
		BD217C9E1F9993D900DB879F /* Sources */ = {
			isa = PBXSourcesBuildPhase;
			buildActionMask = 2147483647;
			files = (
				BD217CA71F9993D900DB879F /* yyyyyTests.m in Sources */,
			);
			runOnlyForDeploymentPostprocessing = 0;
		};
		BD217CA91F9993D900DB879F /* Sources */ = {
			isa = PBXSourcesBuildPhase;
			buildActionMask = 2147483647;
			files = (
				BD217CB21F9993D900DB879F /* yyyyyUITests.m in Sources */,
			);
			runOnlyForDeploymentPostprocessing = 0;
		};
/* End PBXSourcesBuildPhase section */

/* Begin PBXTargetDependency section */
		BD217CA41F9993D900DB879F /* PBXTargetDependency */ = {
			isa = PBXTargetDependency;
			target = BD217C891F9993D900DB879F /* yyyyy */;
			targetProxy = BD217CA31F9993D900DB879F /* PBXContainerItemProxy */;
		};
		BD217CAF1F9993D900DB879F /* PBXTargetDependency */ = {
			isa = PBXTargetDependency;
			target = BD217C891F9993D900DB879F /* yyyyy */;
			targetProxy = BD217CAE1F9993D900DB879F /* PBXContainerItemProxy */;
		};
/* End PBXTargetDependency section */

/* Begin PBXVariantGroup section */
		BD217C931F9993D900DB879F /* Main.storyboard */ = {
			isa = PBXVariantGroup;
			children = (
				BD217C941F9993D900DB879F /* Base */,
			);
			name = Main.storyboard;
			sourceTree = "<group>";
		};
		BD217C981F9993D900DB879F /* LaunchScreen.storyboard */ = {
			isa = PBXVariantGroup;
			children = (
				BD217C991F9993D900DB879F /* Base */,
			);
			name = LaunchScreen.storyboard;
			sourceTree = "<group>";
		};
/* End PBXVariantGroup section */

/* Begin XCBuildConfiguration section */
		BD217CB41F9993D900DB879F /* Debug */ = {
			isa = XCBuildConfiguration;
			buildSettings = {
				ALWAYS_SEARCH_USER_PATHS = NO;
				CLANG_ANALYZER_NONNULL = YES;
				CLANG_ANALYZER_NUMBER_OBJECT_CONVERSION = YES_AGGRESSIVE;
				CLANG_CXX_LANGUAGE_STANDARD = "gnu++14";
				CLANG_CXX_LIBRARY = "libc++";
				CLANG_ENABLE_MODULES = YES;
				CLANG_ENABLE_OBJC_ARC = YES;
				CLANG_WARN_BLOCK_CAPTURE_AUTORELEASING = YES;
				CLANG_WARN_BOOL_CONVERSION = YES;
				CLANG_WARN_COMMA = YES;
				CLANG_WARN_CONSTANT_CONVERSION = YES;
				CLANG_WARN_DIRECT_OBJC_ISA_USAGE = YES_ERROR;
				CLANG_WARN_DOCUMENTATION_COMMENTS = YES;
				CLANG_WARN_EMPTY_BODY = YES;
				CLANG_WARN_ENUM_CONVERSION = YES;
				CLANG_WARN_INFINITE_RECURSION = YES;
				CLANG_WARN_INT_CONVERSION = YES;
				CLANG_WARN_NON_LITERAL_NULL_CONVERSION = YES;
				CLANG_WARN_OBJC_LITERAL_CONVERSION = YES;
				CLANG_WARN_OBJC_ROOT_CLASS = YES_ERROR;
				CLANG_WARN_RANGE_LOOP_ANALYSIS = YES;
				CLANG_WARN_STRICT_PROTOTYPES = YES;
				CLANG_WARN_SUSPICIOUS_MOVE = YES;
				CLANG_WARN_UNGUARDED_AVAILABILITY = YES_AGGRESSIVE;
				CLANG_WARN_UNREACHABLE_CODE = YES;
				CLANG_WARN__DUPLICATE_METHOD_MATCH = YES;
				CODE_SIGN_IDENTITY = "iPhone Developer";
				COPY_PHASE_STRIP = NO;
				DEBUG_INFORMATION_FORMAT = dwarf;
				ENABLE_STRICT_OBJC_MSGSEND = YES;
				ENABLE_TESTABILITY = YES;
				GCC_C_LANGUAGE_STANDARD = gnu11;
				GCC_DYNAMIC_NO_PIC = NO;
				GCC_NO_COMMON_BLOCKS = YES;
				GCC_OPTIMIZATION_LEVEL = 0;
				GCC_PREPROCESSOR_DEFINITIONS = (
					"DEBUG=1",
					"$(inherited)",
				);
				GCC_WARN_64_TO_32_BIT_CONVERSION = YES;
				GCC_WARN_ABOUT_RETURN_TYPE = YES_ERROR;
				GCC_WARN_UNDECLARED_SELECTOR = YES;
				GCC_WARN_UNINITIALIZED_AUTOS = YES_AGGRESSIVE;
				GCC_WARN_UNUSED_FUNCTION = YES;
				GCC_WARN_UNUSED_VARIABLE = YES;
				IPHONEOS_DEPLOYMENT_TARGET = 11.0;
				MTL_ENABLE_DEBUG_INFO = YES;
				ONLY_ACTIVE_ARCH = YES;
				SDKROOT = iphoneos;
			};
			name = Debug;
		};
		BD217CB51F9993D900DB879F /* Release */ = {
			isa = XCBuildConfiguration;
			buildSettings = {
				ALWAYS_SEARCH_USER_PATHS = NO;
				CLANG_ANALYZER_NONNULL = YES;
				CLANG_ANALYZER_NUMBER_OBJECT_CONVERSION = YES_AGGRESSIVE;
				CLANG_CXX_LANGUAGE_STANDARD = "gnu++14";
				CLANG_CXX_LIBRARY = "libc++";
				CLANG_ENABLE_MODULES = YES;
				CLANG_ENABLE_OBJC_ARC = YES;
				CLANG_WARN_BLOCK_CAPTURE_AUTORELEASING = YES;
				CLANG_WARN_BOOL_CONVERSION = YES;
				CLANG_WARN_COMMA = YES;
				CLANG_WARN_CONSTANT_CONVERSION = YES;
				CLANG_WARN_DIRECT_OBJC_ISA_USAGE = YES_ERROR;
				CLANG_WARN_DOCUMENTATION_COMMENTS = YES;
				CLANG_WARN_EMPTY_BODY = YES;
				CLANG_WARN_ENUM_CONVERSION = YES;
				CLANG_WARN_INFINITE_RECURSION = YES;
				CLANG_WARN_INT_CONVERSION = YES;
				CLANG_WARN_NON_LITERAL_NULL_CONVERSION = YES;
				CLANG_WARN_OBJC_LITERAL_CONVERSION = YES;
				CLANG_WARN_OBJC_ROOT_CLASS = YES_ERROR;
				CLANG_WARN_RANGE_LOOP_ANALYSIS = YES;
				CLANG_WARN_STRICT_PROTOTYPES = YES;
				CLANG_WARN_SUSPICIOUS_MOVE = YES;
				CLANG_WARN_UNGUARDED_AVAILABILITY = YES_AGGRESSIVE;
				CLANG_WARN_UNREACHABLE_CODE = YES;
				CLANG_WARN__DUPLICATE_METHOD_MATCH = YES;
				CODE_SIGN_IDENTITY = "iPhone Developer";
				COPY_PHASE_STRIP = NO;
				DEBUG_INFORMATION_FORMAT = "dwarf-with-dsym";
				ENABLE_NS_ASSERTIONS = NO;
				ENABLE_STRICT_OBJC_MSGSEND = YES;
				GCC_C_LANGUAGE_STANDARD = gnu11;
				GCC_NO_COMMON_BLOCKS = YES;
				GCC_WARN_64_TO_32_BIT_CONVERSION = YES;
				GCC_WARN_ABOUT_RETURN_TYPE = YES_ERROR;
				GCC_WARN_UNDECLARED_SELECTOR = YES;
				GCC_WARN_UNINITIALIZED_AUTOS = YES_AGGRESSIVE;
				GCC_WARN_UNUSED_FUNCTION = YES;
				GCC_WARN_UNUSED_VARIABLE = YES;
				IPHONEOS_DEPLOYMENT_TARGET = 11.0;
				MTL_ENABLE_DEBUG_INFO = NO;
				SDKROOT = iphoneos;
				VALIDATE_PRODUCT = YES;
			};
			name = Release;
		};
		BD217CB71F9993D900DB879F /* Debug */ = {
			isa = XCBuildConfiguration;
			baseConfigurationReference = 5E1533B32A00CB6D49F6FA45 /* Pods-yyyyy.debug.xcconfig */;
			buildSettings = {
				ASSETCATALOG_COMPILER_APPICON_NAME = AppIcon;
				CODE_SIGN_IDENTITY = "iPhone Distribution: Beijing Jingwei Information Technologies Company";
				"CODE_SIGN_IDENTITY[sdk=iphoneos*]" = "iPhone Developer";
				CODE_SIGN_STYLE = Automatic;
				DEVELOPMENT_TEAM = 3T5TWS29QU;
				INFOPLIST_FILE = yyyyy/Info.plist;
				LD_RUNPATH_SEARCH_PATHS = "$(inherited) @executable_path/Frameworks";
				PRODUCT_BUNDLE_IDENTIFIER = com.ios.appTest.tkyPro123;
				PRODUCT_NAME = "$(TARGET_NAME)";
				PROVISIONING_PROFILE = "";
				PROVISIONING_PROFILE_SPECIFIER = "";
				TARGETED_DEVICE_FAMILY = "1,2";
			};
			name = Debug;
		};
		BD217CB81F9993D900DB879F /* Release */ = {
			isa = XCBuildConfiguration;
			baseConfigurationReference = 94160EE62678CA9AA94AC547 /* Pods-yyyyy.release.xcconfig */;
			buildSettings = {
				ASSETCATALOG_COMPILER_APPICON_NAME = AppIcon;
				CODE_SIGN_IDENTITY = "iPhone Distribution: Beijing Jingwei Information Technologies Company";
				"CODE_SIGN_IDENTITY[sdk=iphoneos*]" = "iPhone Developer";
				CODE_SIGN_STYLE = Automatic;
				DEVELOPMENT_TEAM = 3T5TWS29QU;
				INFOPLIST_FILE = yyyyy/Info.plist;
				LD_RUNPATH_SEARCH_PATHS = "$(inherited) @executable_path/Frameworks";
				PRODUCT_BUNDLE_IDENTIFIER = com.ios.appTest.tkyPro123;
				PRODUCT_NAME = "$(TARGET_NAME)";
				PROVISIONING_PROFILE = "";
				PROVISIONING_PROFILE_SPECIFIER = "";
				TARGETED_DEVICE_FAMILY = "1,2";
			};
			name = Release;
		};
		BD217CBA1F9993D900DB879F /* Debug */ = {
			isa = XCBuildConfiguration;
			buildSettings = {
				BUNDLE_LOADER = "$(TEST_HOST)";
				CODE_SIGN_STYLE = Automatic;
				INFOPLIST_FILE = yyyyyTests/Info.plist;
				LD_RUNPATH_SEARCH_PATHS = "$(inherited) @executable_path/Frameworks @loader_path/Frameworks";
				PRODUCT_BUNDLE_IDENTIFIER = com.ios.yyyyyTests;
				PRODUCT_NAME = "$(TARGET_NAME)";
				TARGETED_DEVICE_FAMILY = "1,2";
				TEST_HOST = "$(BUILT_PRODUCTS_DIR)/yyyyy.app/yyyyy";
			};
			name = Debug;
		};
		BD217CBB1F9993D900DB879F /* Release */ = {
			isa = XCBuildConfiguration;
			buildSettings = {
				BUNDLE_LOADER = "$(TEST_HOST)";
				CODE_SIGN_STYLE = Automatic;
				INFOPLIST_FILE = yyyyyTests/Info.plist;
				LD_RUNPATH_SEARCH_PATHS = "$(inherited) @executable_path/Frameworks @loader_path/Frameworks";
				PRODUCT_BUNDLE_IDENTIFIER = com.ios.yyyyyTests;
				PRODUCT_NAME = "$(TARGET_NAME)";
				TARGETED_DEVICE_FAMILY = "1,2";
				TEST_HOST = "$(BUILT_PRODUCTS_DIR)/yyyyy.app/yyyyy";
			};
			name = Release;
		};
		BD217CBD1F9993D900DB879F /* Debug */ = {
			isa = XCBuildConfiguration;
			buildSettings = {
				CODE_SIGN_STYLE = Automatic;
				INFOPLIST_FILE = yyyyyUITests/Info.plist;
				LD_RUNPATH_SEARCH_PATHS = "$(inherited) @executable_path/Frameworks @loader_path/Frameworks";
				PRODUCT_BUNDLE_IDENTIFIER = com.ios.yyyyyUITests;
				PRODUCT_NAME = "$(TARGET_NAME)";
				TARGETED_DEVICE_FAMILY = "1,2";
				TEST_TARGET_NAME = yyyyy;
			};
			name = Debug;
		};
		BD217CBE1F9993D900DB879F /* Release */ = {
			isa = XCBuildConfiguration;
			buildSettings = {
				CODE_SIGN_STYLE = Automatic;
				INFOPLIST_FILE = yyyyyUITests/Info.plist;
				LD_RUNPATH_SEARCH_PATHS = "$(inherited) @executable_path/Frameworks @loader_path/Frameworks";
				PRODUCT_BUNDLE_IDENTIFIER = com.ios.yyyyyUITests;
				PRODUCT_NAME = "$(TARGET_NAME)";
				TARGETED_DEVICE_FAMILY = "1,2";
				TEST_TARGET_NAME = yyyyy;
			};
			name = Release;
		};
/* End XCBuildConfiguration section */

/* Begin XCConfigurationList section */
		BD217C851F9993D900DB879F /* Build configuration list for PBXProject "yyyyy" */ = {
			isa = XCConfigurationList;
			buildConfigurations = (
				BD217CB41F9993D900DB879F /* Debug */,
				BD217CB51F9993D900DB879F /* Release */,
			);
			defaultConfigurationIsVisible = 0;
			defaultConfigurationName = Release;
		};
		BD217CB61F9993D900DB879F /* Build configuration list for PBXNativeTarget "yyyyy" */ = {
			isa = XCConfigurationList;
			buildConfigurations = (
				BD217CB71F9993D900DB879F /* Debug */,
				BD217CB81F9993D900DB879F /* Release */,
			);
			defaultConfigurationIsVisible = 0;
			defaultConfigurationName = Release;
		};
		BD217CB91F9993D900DB879F /* Build configuration list for PBXNativeTarget "yyyyyTests" */ = {
			isa = XCConfigurationList;
			buildConfigurations = (
				BD217CBA1F9993D900DB879F /* Debug */,
				BD217CBB1F9993D900DB879F /* Release */,
			);
			defaultConfigurationIsVisible = 0;
			defaultConfigurationName = Release;
		};
		BD217CBC1F9993D900DB879F /* Build configuration list for PBXNativeTarget "yyyyyUITests" */ = {
			isa = XCConfigurationList;
			buildConfigurations = (
				BD217CBD1F9993D900DB879F /* Debug */,
				BD217CBE1F9993D900DB879F /* Release */,
			);
			defaultConfigurationIsVisible = 0;
			defaultConfigurationName = Release;
		};
/* End XCConfigurationList section */
	};
	rootObject = BD217C821F9993D900DB879F /* Project object */;
}
